
Microsoft Visual Studio Solution File, Format Version 12.00
Project("{2150E333-8FDC-42A3-9474-1A3956D46DE8}") = "Services", "Services", "{DEC8E3F9-FBCD-4376-90AB-4B1EED8634D9}"
EndProject
Project("{2150E333-8FDC-42A3-9474-1A3956D46DE8}") = "Catalog", "Catalog", "{478285EF-AD0F-4A7B-B434-28EBEA3DE27E}"
EndProject
Project("{FAE04EC0-301F-11D3-BF4B-00C04F79EFBC}") = "multishop.Catalog", "..\Services\Catalog\multishop.Catalog\multishop.Catalog.csproj", "{FB42989F-E16C-4BBE-9B99-6D2E18961256}"
EndProject
Project("{2150E333-8FDC-42A3-9474-1A3956D46DE8}") = "Discount", "Discount", "{57593D1E-E184-4FCF-B3CF-0627D12B6CC3}"
EndProject
Project("{FAE04EC0-301F-11D3-BF4B-00C04F79EFBC}") = "multishop.Discount", "..\Services\Discount\multishop.Discount\multishop.Discount.csproj", "{5760D757-E69A-4523-84ED-ACC2383A3DF1}"
EndProject
Project("{2150E333-8FDC-42A3-9474-1A3956D46DE8}") = "Order", "Order", "{0B2A1A50-30BE-47B6-98B2-21757667CDD9}"
EndProject
Project("{2150E333-8FDC-42A3-9474-1A3956D46DE8}") = "Core", "Core", "{8987D1C0-734C-477C-BAC7-0E0C30C0BB1E}"
EndProject
Project("{2150E333-8FDC-42A3-9474-1A3956D46DE8}") = "Infrastructure", "Infrastructure", "{E3E0F104-1EC6-444C-B9E9-F49C41A67E33}"
EndProject
Project("{2150E333-8FDC-42A3-9474-1A3956D46DE8}") = "Presentation", "Presentation", "{EC3CAC35-F891-4235-9D4D-92316A7A6786}"
EndProject
Project("{FAE04EC0-301F-11D3-BF4B-00C04F79EFBC}") = "MultiShop.Order.Domain", "..\Services\Order\Core\MultiShop.Order.Domain\MultiShop.Order.Domain.csproj", "{F92AE7CD-8096-4CD7-B2A0-B21FB7A2E49F}"
EndProject
Project("{FAE04EC0-301F-11D3-BF4B-00C04F79EFBC}") = "MultiShop.Order.Application", "..\Services\Order\Core\MultiShop.Order.Application\MultiShop.Order.Application.csproj", "{DFB481B8-16FC-4EF3-AB1C-568EA3200564}"
EndProject
Project("{FAE04EC0-301F-11D3-BF4B-00C04F79EFBC}") = "MultiShop.Order.Persistence", "..\Services\Ordfer\Infrastructure\MultiShop.Order.Persistence\MultiShop.Order.Persistence.csproj", "{9B95B742-CE71-4E1A-9F5B-95CC274F81CD}"
EndProject
Project("{FAE04EC0-301F-11D3-BF4B-00C04F79EFBC}") = "MultiShop.Order.WebApi", "..\Services\Order\Presentation\MultiShop.Order.WebApi\MultiShop.Order.WebApi.csproj", "{ED57411B-E7BE-4581-9355-E0794167BDAF}"
EndProject
Global
	GlobalSection(SolutionConfigurationPlatforms) = preSolution
		Debug|Any CPU = Debug|Any CPU
		Release|Any CPU = Release|Any CPU
	EndGlobalSection
	GlobalSection(NestedProjects) = preSolution
		{478285EF-AD0F-4A7B-B434-28EBEA3DE27E} = {DEC8E3F9-FBCD-4376-90AB-4B1EED8634D9}
		{FB42989F-E16C-4BBE-9B99-6D2E18961256} = {478285EF-AD0F-4A7B-B434-28EBEA3DE27E}
		{57593D1E-E184-4FCF-B3CF-0627D12B6CC3} = {DEC8E3F9-FBCD-4376-90AB-4B1EED8634D9}
		{5760D757-E69A-4523-84ED-ACC2383A3DF1} = {57593D1E-E184-4FCF-B3CF-0627D12B6CC3}
		{0B2A1A50-30BE-47B6-98B2-21757667CDD9} = {DEC8E3F9-FBCD-4376-90AB-4B1EED8634D9}
		{8987D1C0-734C-477C-BAC7-0E0C30C0BB1E} = {0B2A1A50-30BE-47B6-98B2-21757667CDD9}
		{E3E0F104-1EC6-444C-B9E9-F49C41A67E33} = {0B2A1A50-30BE-47B6-98B2-21757667CDD9}
		{EC3CAC35-F891-4235-9D4D-92316A7A6786} = {0B2A1A50-30BE-47B6-98B2-21757667CDD9}
		{F92AE7CD-8096-4CD7-B2A0-B21FB7A2E49F} = {8987D1C0-734C-477C-BAC7-0E0C30C0BB1E}
		{DFB481B8-16FC-4EF3-AB1C-568EA3200564} = {8987D1C0-734C-477C-BAC7-0E0C30C0BB1E}
		{9B95B742-CE71-4E1A-9F5B-95CC274F81CD} = {E3E0F104-1EC6-444C-B9E9-F49C41A67E33}
		{ED57411B-E7BE-4581-9355-E0794167BDAF} = {EC3CAC35-F891-4235-9D4D-92316A7A6786}
	EndGlobalSection
	GlobalSection(ProjectConfigurationPlatforms) = postSolution
		{FB42989F-E16C-4BBE-9B99-6D2E18961256}.Debug|Any CPU.ActiveCfg = Debug|Any CPU
		{FB42989F-E16C-4BBE-9B99-6D2E18961256}.Debug|Any CPU.Build.0 = Debug|Any CPU
		{FB42989F-E16C-4BBE-9B99-6D2E18961256}.Release|Any CPU.ActiveCfg = Release|Any CPU
		{FB42989F-E16C-4BBE-9B99-6D2E18961256}.Release|Any CPU.Build.0 = Release|Any CPU
		{5760D757-E69A-4523-84ED-ACC2383A3DF1}.Debug|Any CPU.ActiveCfg = Debug|Any CPU
		{5760D757-E69A-4523-84ED-ACC2383A3DF1}.Debug|Any CPU.Build.0 = Debug|Any CPU
		{5760D757-E69A-4523-84ED-ACC2383A3DF1}.Release|Any CPU.ActiveCfg = Release|Any CPU
		{5760D757-E69A-4523-84ED-ACC2383A3DF1}.Release|Any CPU.Build.0 = Release|Any CPU
		{F92AE7CD-8096-4CD7-B2A0-B21FB7A2E49F}.Debug|Any CPU.ActiveCfg = Debug|Any CPU
		{F92AE7CD-8096-4CD7-B2A0-B21FB7A2E49F}.Debug|Any CPU.Build.0 = Debug|Any CPU
		{F92AE7CD-8096-4CD7-B2A0-B21FB7A2E49F}.Release|Any CPU.ActiveCfg = Release|Any CPU
		{F92AE7CD-8096-4CD7-B2A0-B21FB7A2E49F}.Release|Any CPU.Build.0 = Release|Any CPU
		{DFB481B8-16FC-4EF3-AB1C-568EA3200564}.Debug|Any CPU.ActiveCfg = Debug|Any CPU
		{DFB481B8-16FC-4EF3-AB1C-568EA3200564}.Debug|Any CPU.Build.0 = Debug|Any CPU
		{DFB481B8-16FC-4EF3-AB1C-568EA3200564}.Release|Any CPU.ActiveCfg = Release|Any CPU
		{DFB481B8-16FC-4EF3-AB1C-568EA3200564}.Release|Any CPU.Build.0 = Release|Any CPU
		{9B95B742-CE71-4E1A-9F5B-95CC274F81CD}.Debug|Any CPU.ActiveCfg = Debug|Any CPU
		{9B95B742-CE71-4E1A-9F5B-95CC274F81CD}.Debug|Any CPU.Build.0 = Debug|Any CPU
		{9B95B742-CE71-4E1A-9F5B-95CC274F81CD}.Release|Any CPU.ActiveCfg = Release|Any CPU
		{9B95B742-CE71-4E1A-9F5B-95CC274F81CD}.Release|Any CPU.Build.0 = Release|Any CPU
		{ED57411B-E7BE-4581-9355-E0794167BDAF}.Debug|Any CPU.ActiveCfg = Debug|Any CPU
		{ED57411B-E7BE-4581-9355-E0794167BDAF}.Debug|Any CPU.Build.0 = Debug|Any CPU
		{ED57411B-E7BE-4581-9355-E0794167BDAF}.Release|Any CPU.ActiveCfg = Release|Any CPU
		{ED57411B-E7BE-4581-9355-E0794167BDAF}.Release|Any CPU.Build.0 = Release|Any CPU
	EndGlobalSection
EndGlobal
